
Microsoft Visual Studio Solution File, Format Version 12.00
# Visual Studio Version 16
VisualStudioVersion = 16.0.30804.86
MinimumVisualStudioVersion = 10.0.40219.1
Project("{FAE04EC0-301F-11D3-BF4B-00C04F79EFBC}") = "LoggingService", "LoggingService\LoggingService.csproj", "{F20C4A89-68A9-443D-88C9-52609305C56E}"
EndProject
Global
	GlobalSection(SolutionConfigurationPlatforms) = preSolution
		Debug|Any CPU = Debug|Any CPU
		Release|Any CPU = Release|Any CPU
	EndGlobalSection
	GlobalSection(ProjectConfigurationPlatforms) = postSolution
		{F20C4A89-68A9-443D-88C9-52609305C56E}.Debug|Any CPU.ActiveCfg = Debug|Any CPU
		{F20C4A89-68A9-443D-88C9-52609305C56E}.Debug|Any CPU.Build.0 = Debug|Any CPU
		{F20C4A89-68A9-443D-88C9-52609305C56E}.Release|Any CPU.ActiveCfg = Release|Any CPU
		{F20C4A89-68A9-443D-88C9-52609305C56E}.Release|Any CPU.Build.0 = Release|Any CPU
	EndGlobalSection
	GlobalSection(SolutionProperties) = preSolution
		HideSolutionNode = FALSE
	EndGlobalSection
	GlobalSection(ExtensibilityGlobals) = postSolution
		SolutionGuid = {244B605D-15DF-4896-BFDA-36EC78725BD9}
	EndGlobalSection
EndGlobal
